
Microsoft Visual Studio Solution File, Format Version 12.00
# Visual Studio Version 16
VisualStudioVersion = 16.0.29319.158
MinimumVisualStudioVersion = 10.0.40219.1
Project("{9A19103F-16F7-4668-BE54-9A1E7A4F7556}") = "Kronos.WFD.Core", "src\Kronos.WFD.Core\Kronos.WFD.Core.csproj", "{CCA31654-069E-496C-A19C-F63A4D8B0837}"
EndProject
Project("{FAE04EC0-301F-11D3-BF4B-00C04F79EFBC}") = "Kronos.WFD.Client", "src\Kronos.WFD.Client\Kronos.WFD.Client.csproj", "{95D69F24-D108-4F67-9124-F9C5D0E1494F}"
EndProject
Global
	GlobalSection(SolutionConfigurationPlatforms) = preSolution
		Debug|Any CPU = Debug|Any CPU
		Release|Any CPU = Release|Any CPU
	EndGlobalSection
	GlobalSection(ProjectConfigurationPlatforms) = postSolution
		{CCA31654-069E-496C-A19C-F63A4D8B0837}.Debug|Any CPU.ActiveCfg = Debug|Any CPU
		{CCA31654-069E-496C-A19C-F63A4D8B0837}.Debug|Any CPU.Build.0 = Debug|Any CPU
		{CCA31654-069E-496C-A19C-F63A4D8B0837}.Release|Any CPU.ActiveCfg = Release|Any CPU
		{CCA31654-069E-496C-A19C-F63A4D8B0837}.Release|Any CPU.Build.0 = Release|Any CPU
		{95D69F24-D108-4F67-9124-F9C5D0E1494F}.Debug|Any CPU.ActiveCfg = Debug|Any CPU
		{95D69F24-D108-4F67-9124-F9C5D0E1494F}.Debug|Any CPU.Build.0 = Debug|Any CPU
		{95D69F24-D108-4F67-9124-F9C5D0E1494F}.Release|Any CPU.ActiveCfg = Release|Any CPU
		{95D69F24-D108-4F67-9124-F9C5D0E1494F}.Release|Any CPU.Build.0 = Release|Any CPU
	EndGlobalSection
	GlobalSection(SolutionProperties) = preSolution
		HideSolutionNode = FALSE
	EndGlobalSection
	GlobalSection(ExtensibilityGlobals) = postSolution
		SolutionGuid = {BB1B5E75-E4E1-4FB6-BC26-7E6574751B04}
	EndGlobalSection
EndGlobal
